
Microsoft Visual Studio Solution File, Format Version 12.00
# Visual Studio 15
VisualStudioVersion = 15.0.27004.2002
MinimumVisualStudioVersion = 10.0.40219.1
Project("{FAE04EC0-301F-11D3-BF4B-00C04F79EFBC}") = "WebApi", "WebApi\WebApi.csproj", "{69643370-4C58-4D5A-B747-06A6556306CC}"
EndProject
Global
	GlobalSection(SolutionConfigurationPlatforms) = preSolution
		Debug|Any CPU = Debug|Any CPU
		Release|Any CPU = Release|Any CPU
	EndGlobalSection
	GlobalSection(ProjectConfigurationPlatforms) = postSolution
		{69643370-4C58-4D5A-B747-06A6556306CC}.Debug|Any CPU.ActiveCfg = Debug|Any CPU
		{69643370-4C58-4D5A-B747-06A6556306CC}.Debug|Any CPU.Build.0 = Debug|Any CPU
		{69643370-4C58-4D5A-B747-06A6556306CC}.Release|Any CPU.ActiveCfg = Release|Any CPU
		{69643370-4C58-4D5A-B747-06A6556306CC}.Release|Any CPU.Build.0 = Release|Any CPU
	EndGlobalSection
	GlobalSection(SolutionProperties) = preSolution
		HideSolutionNode = FALSE
	EndGlobalSection
	GlobalSection(ExtensibilityGlobals) = postSolution
		SolutionGuid = {8872FF27-3348-4CB4-9307-1E26BB94EFC5}
	EndGlobalSection
EndGlobal
